// !$*UTF8*$!
{
	archiveVersion = 1;
	classes = {
	};
	objectVersion = 55;
	objects = {

/* Begin PBXBuildFile section */
		DB81ECB427973A3100BF4054 /* AppDelegate.swift in Sources */ = {isa = PBXBuildFile; fileRef = DB81ECB327973A3100BF4054 /* AppDelegate.swift */; };
		DB81ECB627973A3100BF4054 /* SceneDelegate.swift in Sources */ = {isa = PBXBuildFile; fileRef = DB81ECB527973A3100BF4054 /* SceneDelegate.swift */; };
		DB81ECB827973A3100BF4054 /* ViewController.swift in Sources */ = {isa = PBXBuildFile; fileRef = DB81ECB727973A3100BF4054 /* ViewController.swift */; };
		DB81ECBB27973A3100BF4054 /* Main.storyboard in Resources */ = {isa = PBXBuildFile; fileRef = DB81ECB927973A3100BF4054 /* Main.storyboard */; };
		DB81ECBD27973A3700BF4054 /* Assets.xcassets in Resources */ = {isa = PBXBuildFile; fileRef = DB81ECBC27973A3700BF4054 /* Assets.xcassets */; };
		DB81ECC027973A3700BF4054 /* LaunchScreen.storyboard in Resources */ = {isa = PBXBuildFile; fileRef = DB81ECBE27973A3700BF4054 /* LaunchScreen.storyboard */; };
		DB81ECCB27973A3800BF4054 /* You_Are_AwesomeTests.swift in Sources */ = {isa = PBXBuildFile; fileRef = DB81ECCA27973A3800BF4054 /* You_Are_AwesomeTests.swift */; };
		DB81ECD527973A3800BF4054 /* You_Are_AwesomeUITests.swift in Sources */ = {isa = PBXBuildFile; fileRef = DB81ECD427973A3800BF4054 /* You_Are_AwesomeUITests.swift */; };
		DB81ECD727973A3800BF4054 /* You_Are_AwesomeUITestsLaunchTests.swift in Sources */ = {isa = PBXBuildFile; fileRef = DB81ECD627973A3800BF4054 /* You_Are_AwesomeUITestsLaunchTests.swift */; };
/* End PBXBuildFile section */

/* Begin PBXContainerItemProxy section */
		DB81ECC727973A3800BF4054 /* PBXContainerItemProxy */ = {
			isa = PBXContainerItemProxy;
			containerPortal = DB81ECA827973A3100BF4054 /* Project object */;
			proxyType = 1;
			remoteGlobalIDString = DB81ECAF27973A3100BF4054;
			remoteInfo = "You Are Awesome";
		};
		DB81ECD127973A3800BF4054 /* PBXContainerItemProxy */ = {
			isa = PBXContainerItemProxy;
			containerPortal = DB81ECA827973A3100BF4054 /* Project object */;
			proxyType = 1;
			remoteGlobalIDString = DB81ECAF27973A3100BF4054;
			remoteInfo = "You Are Awesome";
		};
/* End PBXContainerItemProxy section */

/* Begin PBXFileReference section */
		DB81ECB027973A3100BF4054 /* You Are Awesome.app */ = {isa = PBXFileReference; explicitFileType = wrapper.application; includeInIndex = 0; path = "You Are Awesome.app"; sourceTree = BUILT_PRODUCTS_DIR; };
		DB81ECB327973A3100BF4054 /* AppDelegate.swift */ = {isa = PBXFileReference; lastKnownFileType = sourcecode.swift; path = AppDelegate.swift; sourceTree = "<group>"; };
		DB81ECB527973A3100BF4054 /* SceneDelegate.swift */ = {isa = PBXFileReference; lastKnownFileType = sourcecode.swift; path = SceneDelegate.swift; sourceTree = "<group>"; };
		DB81ECB727973A3100BF4054 /* ViewController.swift */ = {isa = PBXFileReference; lastKnownFileType = sourcecode.swift; path = ViewController.swift; sourceTree = "<group>"; };
		DB81ECBA27973A3100BF4054 /* Base */ = {isa = PBXFileReference; lastKnownFileType = file.storyboard; name = Base; path = Base.lproj/Main.storyboard; sourceTree = "<group>"; };
		DB81ECBC27973A3700BF4054 /* Assets.xcassets */ = {isa = PBXFileReference; lastKnownFileType = folder.assetcatalog; path = Assets.xcassets; sourceTree = "<group>"; };
		DB81ECBF27973A3700BF4054 /* Base */ = {isa = PBXFileReference; lastKnownFileType = file.storyboard; name = Base; path = Base.lproj/LaunchScreen.storyboard; sourceTree = "<group>"; };
		DB81ECC127973A3700BF4054 /* Info.plist */ = {isa = PBXFileReference; lastKnownFileType = text.plist.xml; path = Info.plist; sourceTree = "<group>"; };
		DB81ECC627973A3800BF4054 /* You Are AwesomeTests.xctest */ = {isa = PBXFileReference; explicitFileType = wrapper.cfbundle; includeInIndex = 0; path = "You Are AwesomeTests.xctest"; sourceTree = BUILT_PRODUCTS_DIR; };
		DB81ECCA27973A3800BF4054 /* You_Are_AwesomeTests.swift */ = {isa = PBXFileReference; lastKnownFileType = sourcecode.swift; path = You_Are_AwesomeTests.swift; sourceTree = "<group>"; };
		DB81ECD027973A3800BF4054 /* You Are AwesomeUITests.xctest */ = {isa = PBXFileReference; explicitFileType = wrapper.cfbundle; includeInIndex = 0; path = "You Are AwesomeUITests.xctest"; sourceTree = BUILT_PRODUCTS_DIR; };
		DB81ECD427973A3800BF4054 /* You_Are_AwesomeUITests.swift */ = {isa = PBXFileReference; lastKnownFileType = sourcecode.swift; path = You_Are_AwesomeUITests.swift; sourceTree = "<group>"; };
		DB81ECD627973A3800BF4054 /* You_Are_AwesomeUITestsLaunchTests.swift */ = {isa = PBXFileReference; lastKnownFileType = sourcecode.swift; path = You_Are_AwesomeUITestsLaunchTests.swift; sourceTree = "<group>"; };
/* End PBXFileReference section */

/* Begin PBXFrameworksBuildPhase section */
		DB81ECAD27973A3100BF4054 /* Frameworks */ = {
			isa = PBXFrameworksBuildPhase;
			buildActionMask = 2147483647;
			files = (
			);
			runOnlyForDeploymentPostprocessing = 0;
		};
		DB81ECC327973A3800BF4054 /* Frameworks */ = {
			isa = PBXFrameworksBuildPhase;
			buildActionMask = 2147483647;
			files = (
			);
			runOnlyForDeploymentPostprocessing = 0;
		};
		DB81ECCD27973A3800BF4054 /* Frameworks */ = {
			isa = PBXFrameworksBuildPhase;
			buildActionMask = 2147483647;
			files = (
			);
			runOnlyForDeploymentPostprocessing = 0;
		};
/* End PBXFrameworksBuildPhase section */

/* Begin PBXGroup section */
		DB81ECA727973A3100BF4054 = {
			isa = PBXGroup;
			children = (
				DB81ECB227973A3100BF4054 /* You Are Awesome */,
				DB81ECC927973A3800BF4054 /* You Are AwesomeTests */,
				DB81ECD327973A3800BF4054 /* You Are AwesomeUITests */,
				DB81ECB127973A3100BF4054 /* Products */,
			);
			sourceTree = "<group>";
		};
		DB81ECB127973A3100BF4054 /* Products */ = {
			isa = PBXGroup;
			children = (
				DB81ECB027973A3100BF4054 /* You Are Awesome.app */,
				DB81ECC627973A3800BF4054 /* You Are AwesomeTests.xctest */,
				DB81ECD027973A3800BF4054 /* You Are AwesomeUITests.xctest */,
			);
			name = Products;
			sourceTree = "<group>";
		};
		DB81ECB227973A3100BF4054 /* You Are Awesome */ = {
			isa = PBXGroup;
			children = (
				DB81ECB327973A3100BF4054 /* AppDelegate.swift */,
				DB81ECB527973A3100BF4054 /* SceneDelegate.swift */,
				DB81ECB727973A3100BF4054 /* ViewController.swift */,
				DB81ECB927973A3100BF4054 /* Main.storyboard */,
				DB81ECBC27973A3700BF4054 /* Assets.xcassets */,
				DB81ECBE27973A3700BF4054 /* LaunchScreen.storyboard */,
				DB81ECC127973A3700BF4054 /* Info.plist */,
			);
			path = "You Are Awesome";
			sourceTree = "<group>";
		};
		DB81ECC927973A3800BF4054 /* You Are AwesomeTests */ = {
			isa = PBXGroup;
			children = (
				DB81ECCA27973A3800BF4054 /* You_Are_AwesomeTests.swift */,
			);
			path = "You Are AwesomeTests";
			sourceTree = "<group>";
		};
		DB81ECD327973A3800BF4054 /* You Are AwesomeUITests */ = {
			isa = PBXGroup;
			children = (
				DB81ECD427973A3800BF4054 /* You_Are_AwesomeUITests.swift */,
				DB81ECD627973A3800BF4054 /* You_Are_AwesomeUITestsLaunchTests.swift */,
			);
			path = "You Are AwesomeUITests";
			sourceTree = "<group>";
		};
/* End PBXGroup section */

/* Begin PBXNativeTarget section */
		DB81ECAF27973A3100BF4054 /* You Are Awesome */ = {
			isa = PBXNativeTarget;
			buildConfigurationList = DB81ECDA27973A3800BF4054 /* Build configuration list for PBXNativeTarget "You Are Awesome" */;
			buildPhases = (
				DB81ECAC27973A3100BF4054 /* Sources */,
				DB81ECAD27973A3100BF4054 /* Frameworks */,
				DB81ECAE27973A3100BF4054 /* Resources */,
			);
			buildRules = (
			);
			dependencies = (
			);
			name = "You Are Awesome";
			productName = "You Are Awesome";
			productReference = DB81ECB027973A3100BF4054 /* You Are Awesome.app */;
			productType = "com.apple.product-type.application";
		};
		DB81ECC527973A3800BF4054 /* You Are AwesomeTests */ = {
			isa = PBXNativeTarget;
			buildConfigurationList = DB81ECDD27973A3800BF4054 /* Build configuration list for PBXNativeTarget "You Are AwesomeTests" */;
			buildPhases = (
				DB81ECC227973A3800BF4054 /* Sources */,
				DB81ECC327973A3800BF4054 /* Frameworks */,
				DB81ECC427973A3800BF4054 /* Resources */,
			);
			buildRules = (
			);
			dependencies = (
				DB81ECC827973A3800BF4054 /* PBXTargetDependency */,
			);
			name = "You Are AwesomeTests";
			productName = "You Are AwesomeTests";
			productReference = DB81ECC627973A3800BF4054 /* You Are AwesomeTests.xctest */;
			productType = "com.apple.product-type.bundle.unit-test";
		};
		DB81ECCF27973A3800BF4054 /* You Are AwesomeUITests */ = {
			isa = PBXNativeTarget;
			buildConfigurationList = DB81ECE027973A3800BF4054 /* Build configuration list for PBXNativeTarget "You Are AwesomeUITests" */;
			buildPhases = (
				DB81ECCC27973A3800BF4054 /* Sources */,
				DB81ECCD27973A3800BF4054 /* Frameworks */,
				DB81ECCE27973A3800BF4054 /* Resources */,
			);
			buildRules = (
			);
			dependencies = (
				DB81ECD227973A3800BF4054 /* PBXTargetDependency */,
			);
			name = "You Are AwesomeUITests";
			productName = "You Are AwesomeUITests";
			productReference = DB81ECD027973A3800BF4054 /* You Are AwesomeUITests.xctest */;
			productType = "com.apple.product-type.bundle.ui-testing";
		};
/* End PBXNativeTarget section */

/* Begin PBXProject section */
		DB81ECA827973A3100BF4054 /* Project object */ = {
			isa = PBXProject;
			attributes = {
				BuildIndependentTargetsInParallel = 1;
				LastSwiftUpdateCheck = 1320;
				LastUpgradeCheck = 1320;
				TargetAttributes = {
					DB81ECAF27973A3100BF4054 = {
						CreatedOnToolsVersion = 13.2.1;
					};
					DB81ECC527973A3800BF4054 = {
						CreatedOnToolsVersion = 13.2.1;
						TestTargetID = DB81ECAF27973A3100BF4054;
					};
					DB81ECCF27973A3800BF4054 = {
						CreatedOnToolsVersion = 13.2.1;
						TestTargetID = DB81ECAF27973A3100BF4054;
					};
				};
			};
			buildConfigurationList = DB81ECAB27973A3100BF4054 /* Build configuration list for PBXProject "You Are Awesome" */;
			compatibilityVersion = "Xcode 13.0";
			developmentRegion = en;
			hasScannedForEncodings = 0;
			knownRegions = (
				en,
				Base,
			);
			mainGroup = DB81ECA727973A3100BF4054;
			productRefGroup = DB81ECB127973A3100BF4054 /* Products */;
			projectDirPath = "";
			projectRoot = "";
			targets = (
				DB81ECAF27973A3100BF4054 /* You Are Awesome */,
				DB81ECC527973A3800BF4054 /* You Are AwesomeTests */,
				DB81ECCF27973A3800BF4054 /* You Are AwesomeUITests */,
			);
		};
/* End PBXProject section */

/* Begin PBXResourcesBuildPhase section */
		DB81ECAE27973A3100BF4054 /* Resources */ = {
			isa = PBXResourcesBuildPhase;
			buildActionMask = 2147483647;
			files = (
				DB81ECC027973A3700BF4054 /* LaunchScreen.storyboard in Resources */,
				DB81ECBD27973A3700BF4054 /* Assets.xcassets in Resources */,
				DB81ECBB27973A3100BF4054 /* Main.storyboard in Resources */,
			);
			runOnlyForDeploymentPostprocessing = 0;
		};
		DB81ECC427973A3800BF4054 /* Resources */ = {
			isa = PBXResourcesBuildPhase;
			buildActionMask = 2147483647;
			files = (
			);
			runOnlyForDeploymentPostprocessing = 0;
		};
		DB81ECCE27973A3800BF4054 /* Resources */ = {
			isa = PBXResourcesBuildPhase;
			buildActionMask = 2147483647;
			files = (
			);
			runOnlyForDeploymentPostprocessing = 0;
		};
/* End PBXResourcesBuildPhase section */

/* Begin PBXSourcesBuildPhase section */
		DB81ECAC27973A3100BF4054 /* Sources */ = {
			isa = PBXSourcesBuildPhase;
			buildActionMask = 2147483647;
			files = (
				DB81ECB827973A3100BF4054 /* ViewController.swift in Sources */,
				DB81ECB427973A3100BF4054 /* AppDelegate.swift in Sources */,
				DB81ECB627973A3100BF4054 /* SceneDelegate.swift in Sources */,
			);
			runOnlyForDeploymentPostprocessing = 0;
		};
		DB81ECC227973A3800BF4054 /* Sources */ = {
			isa = PBXSourcesBuildPhase;
			buildActionMask = 2147483647;
			files = (
				DB81ECCB27973A3800BF4054 /* You_Are_AwesomeTests.swift in Sources */,
			);
			runOnlyForDeploymentPostprocessing = 0;
		};
		DB81ECCC27973A3800BF4054 /* Sources */ = {
			isa = PBXSourcesBuildPhase;
			buildActionMask = 2147483647;
			files = (
				DB81ECD527973A3800BF4054 /* You_Are_AwesomeUITests.swift in Sources */,
				DB81ECD727973A3800BF4054 /* You_Are_AwesomeUITestsLaunchTests.swift in Sources */,
			);
			runOnlyForDeploymentPostprocessing = 0;
		};
/* End PBXSourcesBuildPhase section */

/* Begin PBXTargetDependency section */
		DB81ECC827973A3800BF4054 /* PBXTargetDependency */ = {
			isa = PBXTargetDependency;
			target = DB81ECAF27973A3100BF4054 /* You Are Awesome */;
			targetProxy = DB81ECC727973A3800BF4054 /* PBXContainerItemProxy */;
		};
		DB81ECD227973A3800BF4054 /* PBXTargetDependency */ = {
			isa = PBXTargetDependency;
			target = DB81ECAF27973A3100BF4054 /* You Are Awesome */;
			targetProxy = DB81ECD127973A3800BF4054 /* PBXContainerItemProxy */;
		};
/* End PBXTargetDependency section */

/* Begin PBXVariantGroup section */
		DB81ECB927973A3100BF4054 /* Main.storyboard */ = {
			isa = PBXVariantGroup;
			children = (
				DB81ECBA27973A3100BF4054 /* Base */,
			);
			name = Main.storyboard;
			sourceTree = "<group>";
		};
		DB81ECBE27973A3700BF4054 /* LaunchScreen.storyboard */ = {
			isa = PBXVariantGroup;
			children = (
				DB81ECBF27973A3700BF4054 /* Base */,
			);
			name = LaunchScreen.storyboard;
			sourceTree = "<group>";
		};
/* End PBXVariantGroup section */

/* Begin XCBuildConfiguration section */
		DB81ECD827973A3800BF4054 /* Debug */ = {
			isa = XCBuildConfiguration;
			buildSettings = {
				ALWAYS_SEARCH_USER_PATHS = NO;
				CLANG_ANALYZER_NONNULL = YES;
				CLANG_ANALYZER_NUMBER_OBJECT_CONVERSION = YES_AGGRESSIVE;
				CLANG_CXX_LANGUAGE_STANDARD = "gnu++17";
				CLANG_CXX_LIBRARY = "libc++";
				CLANG_ENABLE_MODULES = YES;
				CLANG_ENABLE_OBJC_ARC = YES;
				CLANG_ENABLE_OBJC_WEAK = YES;
				CLANG_WARN_BLOCK_CAPTURE_AUTORELEASING = YES;
				CLANG_WARN_BOOL_CONVERSION = YES;
				CLANG_WARN_COMMA = YES;
				CLANG_WARN_CONSTANT_CONVERSION = YES;
				CLANG_WARN_DEPRECATED_OBJC_IMPLEMENTATIONS = YES;
				CLANG_WARN_DIRECT_OBJC_ISA_USAGE = YES_ERROR;
				CLANG_WARN_DOCUMENTATION_COMMENTS = YES;
				CLANG_WARN_EMPTY_BODY = YES;
				CLANG_WARN_ENUM_CONVERSION = YES;
				CLANG_WARN_INFINITE_RECURSION = YES;
				CLANG_WARN_INT_CONVERSION = YES;
				CLANG_WARN_NON_LITERAL_NULL_CONVERSION = YES;
				CLANG_WARN_OBJC_IMPLICIT_RETAIN_SELF = YES;
				CLANG_WARN_OBJC_LITERAL_CONVERSION = YES;
				CLANG_WARN_OBJC_ROOT_CLASS = YES_ERROR;
				CLANG_WARN_QUOTED_INCLUDE_IN_FRAMEWORK_HEADER = YES;
				CLANG_WARN_RANGE_LOOP_ANALYSIS = YES;
				CLANG_WARN_STRICT_PROTOTYPES = YES;
				CLANG_WARN_SUSPICIOUS_MOVE = YES;
				CLANG_WARN_UNGUARDED_AVAILABILITY = YES_AGGRESSIVE;
				CLANG_WARN_UNREACHABLE_CODE = YES;
				CLANG_WARN__DUPLICATE_METHOD_MATCH = YES;
				COPY_PHASE_STRIP = NO;
				DEBUG_INFORMATION_FORMAT = dwarf;
				ENABLE_STRICT_OBJC_MSGSEND = YES;
				ENABLE_TESTABILITY = YES;
				GCC_C_LANGUAGE_STANDARD = gnu11;
				GCC_DYNAMIC_NO_PIC = NO;
				GCC_NO_COMMON_BLOCKS = YES;
				GCC_OPTIMIZATION_LEVEL = 0;
				GCC_PREPROCESSOR_DEFINITIONS = (
					"DEBUG=1",
					"$(inherited)",
				);
				GCC_WARN_64_TO_32_BIT_CONVERSION = YES;
				GCC_WARN_ABOUT_RETURN_TYPE = YES_ERROR;
				GCC_WARN_UNDECLARED_SELECTOR = YES;
				GCC_WARN_UNINITIALIZED_AUTOS = YES_AGGRESSIVE;
				GCC_WARN_UNUSED_FUNCTION = YES;
				GCC_WARN_UNUSED_VARIABLE = YES;
				IPHONEOS_DEPLOYMENT_TARGET = 15.2;
				MTL_ENABLE_DEBUG_INFO = INCLUDE_SOURCE;
				MTL_FAST_MATH = YES;
				ONLY_ACTIVE_ARCH = YES;
				SDKROOT = iphoneos;
				SWIFT_ACTIVE_COMPILATION_CONDITIONS = DEBUG;
				SWIFT_OPTIMIZATION_LEVEL = "-Onone";
			};
			name = Debug;
		};
		DB81ECD927973A3800BF4054 /* Release */ = {
			isa = XCBuildConfiguration;
			buildSettings = {
				ALWAYS_SEARCH_USER_PATHS = NO;
				CLANG_ANALYZER_NONNULL = YES;
				CLANG_ANALYZER_NUMBER_OBJECT_CONVERSION = YES_AGGRESSIVE;
				CLANG_CXX_LANGUAGE_STANDARD = "gnu++17";
				CLANG_CXX_LIBRARY = "libc++";
				CLANG_ENABLE_MODULES = YES;
				CLANG_ENABLE_OBJC_ARC = YES;
				CLANG_ENABLE_OBJC_WEAK = YES;
				CLANG_WARN_BLOCK_CAPTURE_AUTORELEASING = YES;
				CLANG_WARN_BOOL_CONVERSION = YES;
				CLANG_WARN_COMMA = YES;
				CLANG_WARN_CONSTANT_CONVERSION = YES;
				CLANG_WARN_DEPRECATED_OBJC_IMPLEMENTATIONS = YES;
				CLANG_WARN_DIRECT_OBJC_ISA_USAGE = YES_ERROR;
				CLANG_WARN_DOCUMENTATION_COMMENTS = YES;
				CLANG_WARN_EMPTY_BODY = YES;
				CLANG_WARN_ENUM_CONVERSION = YES;
				CLANG_WARN_INFINITE_RECURSION = YES;
				CLANG_WARN_INT_CONVERSION = YES;
				CLANG_WARN_NON_LITERAL_NULL_CONVERSION = YES;
				CLANG_WARN_OBJC_IMPLICIT_RETAIN_SELF = YES;
				CLANG_WARN_OBJC_LITERAL_CONVERSION = YES;
				CLANG_WARN_OBJC_ROOT_CLASS = YES_ERROR;
				CLANG_WARN_QUOTED_INCLUDE_IN_FRAMEWORK_HEADER = YES;
				CLANG_WARN_RANGE_LOOP_ANALYSIS = YES;
				CLANG_WARN_STRICT_PROTOTYPES = YES;
				CLANG_WARN_SUSPICIOUS_MOVE = YES;
				CLANG_WARN_UNGUARDED_AVAILABILITY = YES_AGGRESSIVE;
				CLANG_WARN_UNREACHABLE_CODE = YES;
				CLANG_WARN__DUPLICATE_METHOD_MATCH = YES;
				COPY_PHASE_STRIP = NO;
				DEBUG_INFORMATION_FORMAT = "dwarf-with-dsym";
				ENABLE_NS_ASSERTIONS = NO;
				ENABLE_STRICT_OBJC_MSGSEND = YES;
				GCC_C_LANGUAGE_STANDARD = gnu11;
				GCC_NO_COMMON_BLOCKS = YES;
				GCC_WARN_64_TO_32_BIT_CONVERSION = YES;
				GCC_WARN_ABOUT_RETURN_TYPE = YES_ERROR;
				GCC_WARN_UNDECLARED_SELECTOR = YES;
				GCC_WARN_UNINITIALIZED_AUTOS = YES_AGGRESSIVE;
				GCC_WARN_UNUSED_FUNCTION = YES;
				GCC_WARN_UNUSED_VARIABLE = YES;
				IPHONEOS_DEPLOYMENT_TARGET = 15.2;
				MTL_ENABLE_DEBUG_INFO = NO;
				MTL_FAST_MATH = YES;
				SDKROOT = iphoneos;
				SWIFT_COMPILATION_MODE = wholemodule;
				SWIFT_OPTIMIZATION_LEVEL = "-O";
				VALIDATE_PRODUCT = YES;
			};
			name = Release;
		};
		DB81ECDB27973A3800BF4054 /* Debug */ = {
			isa = XCBuildConfiguration;
			buildSettings = {
				ASSETCATALOG_COMPILER_APPICON_NAME = AppIcon;
				ASSETCATALOG_COMPILER_GLOBAL_ACCENT_COLOR_NAME = AccentColor;
				CODE_SIGN_STYLE = Automatic;
				CURRENT_PROJECT_VERSION = 1;
				DEVELOPMENT_TEAM = UJRJBH7A5V;
				GENERATE_INFOPLIST_FILE = YES;
				INFOPLIST_FILE = "You Are Awesome/Info.plist";
				INFOPLIST_KEY_UIApplicationSupportsIndirectInputEvents = YES;
				INFOPLIST_KEY_UILaunchStoryboardName = LaunchScreen;
				INFOPLIST_KEY_UIMainStoryboardFile = Main;
				INFOPLIST_KEY_UISupportedInterfaceOrientations_iPad = "UIInterfaceOrientationPortrait UIInterfaceOrientationPortraitUpsideDown UIInterfaceOrientationLandscapeLeft UIInterfaceOrientationLandscapeRight";
				INFOPLIST_KEY_UISupportedInterfaceOrientations_iPhone = "UIInterfaceOrientationPortrait UIInterfaceOrientationLandscapeLeft UIInterfaceOrientationLandscapeRight";
				LD_RUNPATH_SEARCH_PATHS = (
					"$(inherited)",
					"@executable_path/Frameworks",
				);
				MARKETING_VERSION = 1.0;
				PRODUCT_BUNDLE_IDENTIFIER = "ios-app.You-Are-Awesome";
				PRODUCT_NAME = "$(TARGET_NAME)";
				SWIFT_EMIT_LOC_STRINGS = YES;
				SWIFT_VERSION = 5.0;
				TARGETED_DEVICE_FAMILY = "1,2";
			};
			name = Debug;
		};
		DB81ECDC27973A3800BF4054 /* Release */ = {
			isa = XCBuildConfiguration;
			buildSettings = {
				ASSETCATALOG_COMPILER_APPICON_NAME = AppIcon;
				ASSETCATALOG_COMPILER_GLOBAL_ACCENT_COLOR_NAME = AccentColor;
				CODE_SIGN_STYLE = Automatic;
				CURRENT_PROJECT_VERSION = 1;
				DEVELOPMENT_TEAM = UJRJBH7A5V;
				GENERATE_INFOPLIST_FILE = YES;
				INFOPLIST_FILE = "You Are Awesome/Info.plist";
				INFOPLIST_KEY_UIApplicationSupportsIndirectInputEvents = YES;
				INFOPLIST_KEY_UILaunchStoryboardName = LaunchScreen;
				INFOPLIST_KEY_UIMainStoryboardFile = Main;
				INFOPLIST_KEY_UISupportedInterfaceOrientations_iPad = "UIInterfaceOrientationPortrait UIInterfaceOrientationPortraitUpsideDown UIInterfaceOrientationLandscapeLeft UIInterfaceOrientationLandscapeRight";
				INFOPLIST_KEY_UISupportedInterfaceOrientations_iPhone = "UIInterfaceOrientationPortrait UIInterfaceOrientationLandscapeLeft UIInterfaceOrientationLandscapeRight";
				LD_RUNPATH_SEARCH_PATHS = (
					"$(inherited)",
					"@executable_path/Frameworks",
				);
				MARKETING_VERSION = 1.0;
				PRODUCT_BUNDLE_IDENTIFIER = "ios-app.You-Are-Awesome";
				PRODUCT_NAME = "$(TARGET_NAME)";
				SWIFT_EMIT_LOC_STRINGS = YES;
				SWIFT_VERSION = 5.0;
				TARGETED_DEVICE_FAMILY = "1,2";
			};
			name = Release;
		};
		DB81ECDE27973A3800BF4054 /* Debug */ = {
			isa = XCBuildConfiguration;
			buildSettings = {
				ALWAYS_EMBED_SWIFT_STANDARD_LIBRARIES = YES;
				BUNDLE_LOADER = "$(TEST_HOST)";
				CODE_SIGN_STYLE = Automatic;
				CURRENT_PROJECT_VERSION = 1;
				DEVELOPMENT_TEAM = UJRJBH7A5V;
				GENERATE_INFOPLIST_FILE = YES;
				IPHONEOS_DEPLOYMENT_TARGET = 15.2;
				MARKETING_VERSION = 1.0;
				PRODUCT_BUNDLE_IDENTIFIER = "ios-app.You-Are-AwesomeTests";
				PRODUCT_NAME = "$(TARGET_NAME)";
				SWIFT_EMIT_LOC_STRINGS = NO;
				SWIFT_VERSION = 5.0;
				TARGETED_DEVICE_FAMILY = "1,2";
				TEST_HOST = "$(BUILT_PRODUCTS_DIR)/You Are Awesome.app/You Are Awesome";
			};
			name = Debug;
		};
		DB81ECDF27973A3800BF4054 /* Release */ = {
			isa = XCBuildConfiguration;
			buildSettings = {
				ALWAYS_EMBED_SWIFT_STANDARD_LIBRARIES = YES;
				BUNDLE_LOADER = "$(TEST_HOST)";
				CODE_SIGN_STYLE = Automatic;
				CURRENT_PROJECT_VERSION = 1;
				DEVELOPMENT_TEAM = UJRJBH7A5V;
				GENERATE_INFOPLIST_FILE = YES;
				IPHONEOS_DEPLOYMENT_TARGET = 15.2;
				MARKETING_VERSION = 1.0;
				PRODUCT_BUNDLE_IDENTIFIER = "ios-app.You-Are-AwesomeTests";
				PRODUCT_NAME = "$(TARGET_NAME)";
				SWIFT_EMIT_LOC_STRINGS = NO;
				SWIFT_VERSION = 5.0;
				TARGETED_DEVICE_FAMILY = "1,2";
				TEST_HOST = "$(BUILT_PRODUCTS_DIR)/You Are Awesome.app/You Are Awesome";
			};
			name = Release;
		};
		DB81ECE127973A3800BF4054 /* Debug */ = {
			isa = XCBuildConfiguration;
			buildSettings = {
				ALWAYS_EMBED_SWIFT_STANDARD_LIBRARIES = YES;
				CODE_SIGN_STYLE = Automatic;
				CURRENT_PROJECT_VERSION = 1;
				DEVELOPMENT_TEAM = UJRJBH7A5V;
				GENERATE_INFOPLIST_FILE = YES;
				MARKETING_VERSION = 1.0;
				PRODUCT_BUNDLE_IDENTIFIER = "ios-app.You-Are-AwesomeUITests";
				PRODUCT_NAME = "$(TARGET_NAME)";
				SWIFT_EMIT_LOC_STRINGS = NO;
				SWIFT_VERSION = 5.0;
				TARGETED_DEVICE_FAMILY = "1,2";
				TEST_TARGET_NAME = "You Are Awesome";
			};
			name = Debug;
		};
		DB81ECE227973A3800BF4054 /* Release */ = {
			isa = XCBuildConfiguration;
			buildSettings = {
				ALWAYS_EMBED_SWIFT_STANDARD_LIBRARIES = YES;
				CODE_SIGN_STYLE = Automatic;
				CURRENT_PROJECT_VERSION = 1;
				DEVELOPMENT_TEAM = UJRJBH7A5V;
				GENERATE_INFOPLIST_FILE = YES;
				MARKETING_VERSION = 1.0;
				PRODUCT_BUNDLE_IDENTIFIER = "ios-app.You-Are-AwesomeUITests";
				PRODUCT_NAME = "$(TARGET_NAME)";
				SWIFT_EMIT_LOC_STRINGS = NO;
				SWIFT_VERSION = 5.0;
				TARGETED_DEVICE_FAMILY = "1,2";
				TEST_TARGET_NAME = "You Are Awesome";
			};
			name = Release;
		};
/* End XCBuildConfiguration section */

/* Begin XCConfigurationList section */
		DB81ECAB27973A3100BF4054 /* Build configuration list for PBXProject "You Are Awesome" */ = {
			isa = XCConfigurationList;
			buildConfigurations = (
				DB81ECD827973A3800BF4054 /* Debug */,
				DB81ECD927973A3800BF4054 /* Release */,
			);
			defaultConfigurationIsVisible = 0;
			defaultConfigurationName = Release;
		};
		DB81ECDA27973A3800BF4054 /* Build configuration list for PBXNativeTarget "You Are Awesome" */ = {
			isa = XCConfigurationList;
			buildConfigurations = (
				DB81ECDB27973A3800BF4054 /* Debug */,
				DB81ECDC27973A3800BF4054 /* Release */,
			);
			defaultConfigurationIsVisible = 0;
			defaultConfigurationName = Release;
		};
		DB81ECDD27973A3800BF4054 /* Build configuration list for PBXNativeTarget "You Are AwesomeTests" */ = {
			isa = XCConfigurationList;
			buildConfigurations = (
				DB81ECDE27973A3800BF4054 /* Debug */,
				DB81ECDF27973A3800BF4054 /* Release */,
			);
			defaultConfigurationIsVisible = 0;
			defaultConfigurationName = Release;
		};
		DB81ECE027973A3800BF4054 /* Build configuration list for PBXNativeTarget "You Are AwesomeUITests" */ = {
			isa = XCConfigurationList;
			buildConfigurations = (
				DB81ECE127973A3800BF4054 /* Debug */,
				DB81ECE227973A3800BF4054 /* Release */,
			);
			defaultConfigurationIsVisible = 0;
			defaultConfigurationName = Release;
		};
/* End XCConfigurationList section */
	};
	rootObject = DB81ECA827973A3100BF4054 /* Project object */;
}
